
Microsoft Visual Studio Solution File, Format Version 12.00
# Visual Studio 15
VisualStudioVersion = 15.0.27130.2024
MinimumVisualStudioVersion = 10.0.40219.1
Project("{9A19103F-16F7-4668-BE54-9A1E7A4F7556}") = "FaceSender", "FaceSender\FaceSender.csproj", "{AC0EE1C0-AF98-444F-ADFF-134C55A41F5A}"
EndProject
Global
	GlobalSection(SolutionConfigurationPlatforms) = preSolution
		Debug|Any CPU = Debug|Any CPU
		Release|Any CPU = Release|Any CPU
	EndGlobalSection
	GlobalSection(ProjectConfigurationPlatforms) = postSolution
		{AC0EE1C0-AF98-444F-ADFF-134C55A41F5A}.Debug|Any CPU.ActiveCfg = Debug|Any CPU
		{AC0EE1C0-AF98-444F-ADFF-134C55A41F5A}.Debug|Any CPU.Build.0 = Debug|Any CPU
		{AC0EE1C0-AF98-444F-ADFF-134C55A41F5A}.Release|Any CPU.ActiveCfg = Release|Any CPU
		{AC0EE1C0-AF98-444F-ADFF-134C55A41F5A}.Release|Any CPU.Build.0 = Release|Any CPU
	EndGlobalSection
	GlobalSection(SolutionProperties) = preSolution
		HideSolutionNode = FALSE
	EndGlobalSection
	GlobalSection(ExtensibilityGlobals) = postSolution
		SolutionGuid = {06191BB2-100D-4F11-89B6-74D25EB987AA}
	EndGlobalSection
EndGlobal
